// !$*UTF8*$!
{
	archiveVersion = 1;
	classes = {
	};
	objectVersion = 56;
	objects = {

/* Begin PBXBuildFile section */
		01A1532529963BCB00547574 /* AppDelegate.swift in Sources */ = {isa = PBXBuildFile; fileRef = 01A1532429963BCB00547574 /* AppDelegate.swift */; };
		01A1532729963BCB00547574 /* SceneDelegate.swift in Sources */ = {isa = PBXBuildFile; fileRef = 01A1532629963BCB00547574 /* SceneDelegate.swift */; };
		01A1532929963BCB00547574 /* ViewController.swift in Sources */ = {isa = PBXBuildFile; fileRef = 01A1532829963BCB00547574 /* ViewController.swift */; };
		01A1532E29963BCC00547574 /* Assets.xcassets in Resources */ = {isa = PBXBuildFile; fileRef = 01A1532D29963BCC00547574 /* Assets.xcassets */; };
		01A1533129963BCC00547574 /* LaunchScreen.storyboard in Resources */ = {isa = PBXBuildFile; fileRef = 01A1532F29963BCC00547574 /* LaunchScreen.storyboard */; };
		01A1533A29963CAA00547574 /* ALProgressView in Frameworks */ = {isa = PBXBuildFile; productRef = 01A1533929963CAA00547574 /* ALProgressView */; };
		759918948F1DCF1987802339 /* Pods_CircleProgress.framework in Frameworks */ = {isa = PBXBuildFile; fileRef = EC9957B75F87359CFAE6CBE3 /* Pods_CircleProgress.framework */; };
/* End PBXBuildFile section */

/* Begin PBXFileReference section */
		01A1532129963BCB00547574 /* Pomodoro.app */ = {isa = PBXFileReference; explicitFileType = wrapper.application; includeInIndex = 0; path = Pomodoro.app; sourceTree = BUILT_PRODUCTS_DIR; };
		01A1532429963BCB00547574 /* AppDelegate.swift */ = {isa = PBXFileReference; lastKnownFileType = sourcecode.swift; path = AppDelegate.swift; sourceTree = "<group>"; };
		01A1532629963BCB00547574 /* SceneDelegate.swift */ = {isa = PBXFileReference; lastKnownFileType = sourcecode.swift; path = SceneDelegate.swift; sourceTree = "<group>"; };
		01A1532829963BCB00547574 /* ViewController.swift */ = {isa = PBXFileReference; lastKnownFileType = sourcecode.swift; path = ViewController.swift; sourceTree = "<group>"; };
		01A1532D29963BCC00547574 /* Assets.xcassets */ = {isa = PBXFileReference; lastKnownFileType = folder.assetcatalog; path = Assets.xcassets; sourceTree = "<group>"; };
		01A1533029963BCC00547574 /* Base */ = {isa = PBXFileReference; lastKnownFileType = file.storyboard; name = Base; path = Base.lproj/LaunchScreen.storyboard; sourceTree = "<group>"; };
		01A1533229963BCC00547574 /* Info.plist */ = {isa = PBXFileReference; lastKnownFileType = text.plist.xml; path = Info.plist; sourceTree = "<group>"; };
		C0A1E0D461EC8474CB08AA91 /* Pods-CircleProgress.debug.xcconfig */ = {isa = PBXFileReference; includeInIndex = 1; lastKnownFileType = text.xcconfig; name = "Pods-CircleProgress.debug.xcconfig"; path = "Target Support Files/Pods-CircleProgress/Pods-CircleProgress.debug.xcconfig"; sourceTree = "<group>"; };
		EC9957B75F87359CFAE6CBE3 /* Pods_CircleProgress.framework */ = {isa = PBXFileReference; explicitFileType = wrapper.framework; includeInIndex = 0; path = Pods_CircleProgress.framework; sourceTree = BUILT_PRODUCTS_DIR; };
		EF9C4BE2246D11D686D153AF /* Pods-CircleProgress.release.xcconfig */ = {isa = PBXFileReference; includeInIndex = 1; lastKnownFileType = text.xcconfig; name = "Pods-CircleProgress.release.xcconfig"; path = "Target Support Files/Pods-CircleProgress/Pods-CircleProgress.release.xcconfig"; sourceTree = "<group>"; };
/* End PBXFileReference section */

/* Begin PBXFrameworksBuildPhase section */
		01A1531E29963BCB00547574 /* Frameworks */ = {
			isa = PBXFrameworksBuildPhase;
			buildActionMask = 2147483647;
			files = (
				01A1533A29963CAA00547574 /* ALProgressView in Frameworks */,
				759918948F1DCF1987802339 /* Pods_CircleProgress.framework in Frameworks */,
			);
			runOnlyForDeploymentPostprocessing = 0;
		};
/* End PBXFrameworksBuildPhase section */

/* Begin PBXGroup section */
		01A1531829963BCB00547574 = {
			isa = PBXGroup;
			children = (
				01A1532329963BCB00547574 /* CircleProgress */,
				01A1532229963BCB00547574 /* Products */,
				1E4AE526B7801C820D7625E2 /* Pods */,
				86BB2949FB804687A68C1D99 /* Frameworks */,
			);
			sourceTree = "<group>";
		};
		01A1532229963BCB00547574 /* Products */ = {
			isa = PBXGroup;
			children = (
				01A1532129963BCB00547574 /* Pomodoro.app */,
			);
			name = Products;
			sourceTree = "<group>";
		};
		01A1532329963BCB00547574 /* CircleProgress */ = {
			isa = PBXGroup;
			children = (
				01A1532429963BCB00547574 /* AppDelegate.swift */,
				01A1532629963BCB00547574 /* SceneDelegate.swift */,
				01A1532829963BCB00547574 /* ViewController.swift */,
				01A1532D29963BCC00547574 /* Assets.xcassets */,
				01A1532F29963BCC00547574 /* LaunchScreen.storyboard */,
				01A1533229963BCC00547574 /* Info.plist */,
			);
			path = CircleProgress;
			sourceTree = "<group>";
		};
		1E4AE526B7801C820D7625E2 /* Pods */ = {
			isa = PBXGroup;
			children = (
				C0A1E0D461EC8474CB08AA91 /* Pods-CircleProgress.debug.xcconfig */,
				EF9C4BE2246D11D686D153AF /* Pods-CircleProgress.release.xcconfig */,
			);
			path = Pods;
			sourceTree = "<group>";
		};
		86BB2949FB804687A68C1D99 /* Frameworks */ = {
			isa = PBXGroup;
			children = (
				EC9957B75F87359CFAE6CBE3 /* Pods_CircleProgress.framework */,
			);
			name = Frameworks;
			sourceTree = "<group>";
		};
/* End PBXGroup section */

/* Begin PBXNativeTarget section */
		01A1532029963BCB00547574 /* Pomodoro */ = {
			isa = PBXNativeTarget;
			buildConfigurationList = 01A1533529963BCC00547574 /* Build configuration list for PBXNativeTarget "Pomodoro" */;
			buildPhases = (
				2D760A742DD77FD5B1BB66FC /* [CP] Check Pods Manifest.lock */,
				01A1531D29963BCB00547574 /* Sources */,
				01A1531E29963BCB00547574 /* Frameworks */,
				01A1531F29963BCB00547574 /* Resources */,
				1A85B142EA060E16B42C5711 /* [CP] Embed Pods Frameworks */,
			);
			buildRules = (
			);
			dependencies = (
			);
			name = Pomodoro;
			packageProductDependencies = (
				01A1533929963CAA00547574 /* ALProgressView */,
			);
			productName = CircleProgress;
			productReference = 01A1532129963BCB00547574 /* Pomodoro.app */;
			productType = "com.apple.product-type.application";
		};
/* End PBXNativeTarget section */

/* Begin PBXProject section */
		01A1531929963BCB00547574 /* Project object */ = {
			isa = PBXProject;
			attributes = {
				BuildIndependentTargetsInParallel = 1;
				LastSwiftUpdateCheck = 1410;
				LastUpgradeCheck = 1410;
				TargetAttributes = {
					01A1532029963BCB00547574 = {
						CreatedOnToolsVersion = 14.1;
					};
				};
			};
			buildConfigurationList = 01A1531C29963BCB00547574 /* Build configuration list for PBXProject "Pomodoro" */;
			compatibilityVersion = "Xcode 14.0";
			developmentRegion = en;
			hasScannedForEncodings = 0;
			knownRegions = (
				en,
				Base,
			);
			mainGroup = 01A1531829963BCB00547574;
			packageReferences = (
				01A1533829963CAA00547574 /* XCRemoteSwiftPackageReference "ALProgressView" */,
			);
			productRefGroup = 01A1532229963BCB00547574 /* Products */;
			projectDirPath = "";
			projectRoot = "";
			targets = (
				01A1532029963BCB00547574 /* Pomodoro */,
			);
		};
/* End PBXProject section */

/* Begin PBXResourcesBuildPhase section */
		01A1531F29963BCB00547574 /* Resources */ = {
			isa = PBXResourcesBuildPhase;
			buildActionMask = 2147483647;
			files = (
				01A1533129963BCC00547574 /* LaunchScreen.storyboard in Resources */,
				01A1532E29963BCC00547574 /* Assets.xcassets in Resources */,
			);
			runOnlyForDeploymentPostprocessing = 0;
		};
/* End PBXResourcesBuildPhase section */

/* Begin PBXShellScriptBuildPhase section */
		1A85B142EA060E16B42C5711 /* [CP] Embed Pods Frameworks */ = {
			isa = PBXShellScriptBuildPhase;
			buildActionMask = 2147483647;
			files = (
			);
			inputFileListPaths = (
				"${PODS_ROOT}/Target Support Files/Pods-CircleProgress/Pods-CircleProgress-frameworks-${CONFIGURATION}-input-files.xcfilelist",
			);
			name = "[CP] Embed Pods Frameworks";
			outputFileListPaths = (
				"${PODS_ROOT}/Target Support Files/Pods-CircleProgress/Pods-CircleProgress-frameworks-${CONFIGURATION}-output-files.xcfilelist",
			);
			runOnlyForDeploymentPostprocessing = 0;
			shellPath = /bin/sh;
			shellScript = "\"${PODS_ROOT}/Target Support Files/Pods-CircleProgress/Pods-CircleProgress-frameworks.sh\"\n";
			showEnvVarsInLog = 0;
		};
		2D760A742DD77FD5B1BB66FC /* [CP] Check Pods Manifest.lock */ = {
			isa = PBXShellScriptBuildPhase;
			buildActionMask = 2147483647;
			files = (
			);
			inputFileListPaths = (
			);
			inputPaths = (
				"${PODS_PODFILE_DIR_PATH}/Podfile.lock",
				"${PODS_ROOT}/Manifest.lock",
			);
			name = "[CP] Check Pods Manifest.lock";
			outputFileListPaths = (
			);
			outputPaths = (
				"$(DERIVED_FILE_DIR)/Pods-CircleProgress-checkManifestLockResult.txt",
			);
			runOnlyForDeploymentPostprocessing = 0;
			shellPath = /bin/sh;
			shellScript = "diff \"${PODS_PODFILE_DIR_PATH}/Podfile.lock\" \"${PODS_ROOT}/Manifest.lock\" > /dev/null\nif [ $? != 0 ] ; then\n    # print error to STDERR\n    echo \"error: The sandbox is not in sync with the Podfile.lock. Run 'pod install' or update your CocoaPods installation.\" >&2\n    exit 1\nfi\n# This output is used by Xcode 'outputs' to avoid re-running this script phase.\necho \"SUCCESS\" > \"${SCRIPT_OUTPUT_FILE_0}\"\n";
			showEnvVarsInLog = 0;
		};
/* End PBXShellScriptBuildPhase section */

/* Begin PBXSourcesBuildPhase section */
		01A1531D29963BCB00547574 /* Sources */ = {
			isa = PBXSourcesBuildPhase;
			buildActionMask = 2147483647;
			files = (
				01A1532929963BCB00547574 /* ViewController.swift in Sources */,
				01A1532529963BCB00547574 /* AppDelegate.swift in Sources */,
				01A1532729963BCB00547574 /* SceneDelegate.swift in Sources */,
			);
			runOnlyForDeploymentPostprocessing = 0;
		};
/* End PBXSourcesBuildPhase section */

/* Begin PBXVariantGroup section */
		01A1532F29963BCC00547574 /* LaunchScreen.storyboard */ = {
			isa = PBXVariantGroup;
			children = (
				01A1533029963BCC00547574 /* Base */,
			);
			name = LaunchScreen.storyboard;
			sourceTree = "<group>";
		};
/* End PBXVariantGroup section */

/* Begin XCBuildConfiguration section */
		01A1533329963BCC00547574 /* Debug */ = {
			isa = XCBuildConfiguration;
			buildSettings = {
				ALWAYS_SEARCH_USER_PATHS = NO;
				CLANG_ANALYZER_NONNULL = YES;
				CLANG_ANALYZER_NUMBER_OBJECT_CONVERSION = YES_AGGRESSIVE;
				CLANG_CXX_LANGUAGE_STANDARD = "gnu++20";
				CLANG_ENABLE_MODULES = YES;
				CLANG_ENABLE_OBJC_ARC = YES;
				CLANG_ENABLE_OBJC_WEAK = YES;
				CLANG_WARN_BLOCK_CAPTURE_AUTORELEASING = YES;
				CLANG_WARN_BOOL_CONVERSION = YES;
				CLANG_WARN_COMMA = YES;
				CLANG_WARN_CONSTANT_CONVERSION = YES;
				CLANG_WARN_DEPRECATED_OBJC_IMPLEMENTATIONS = YES;
				CLANG_WARN_DIRECT_OBJC_ISA_USAGE = YES_ERROR;
				CLANG_WARN_DOCUMENTATION_COMMENTS = YES;
				CLANG_WARN_EMPTY_BODY = YES;
				CLANG_WARN_ENUM_CONVERSION = YES;
				CLANG_WARN_INFINITE_RECURSION = YES;
				CLANG_WARN_INT_CONVERSION = YES;
				CLANG_WARN_NON_LITERAL_NULL_CONVERSION = YES;
				CLANG_WARN_OBJC_IMPLICIT_RETAIN_SELF = YES;
				CLANG_WARN_OBJC_LITERAL_CONVERSION = YES;
				CLANG_WARN_OBJC_ROOT_CLASS = YES_ERROR;
				CLANG_WARN_QUOTED_INCLUDE_IN_FRAMEWORK_HEADER = YES;
				CLANG_WARN_RANGE_LOOP_ANALYSIS = YES;
				CLANG_WARN_STRICT_PROTOTYPES = YES;
				CLANG_WARN_SUSPICIOUS_MOVE = YES;
				CLANG_WARN_UNGUARDED_AVAILABILITY = YES_AGGRESSIVE;
				CLANG_WARN_UNREACHABLE_CODE = YES;
				CLANG_WARN__DUPLICATE_METHOD_MATCH = YES;
				COPY_PHASE_STRIP = NO;
				DEBUG_INFORMATION_FORMAT = dwarf;
				ENABLE_STRICT_OBJC_MSGSEND = YES;
				ENABLE_TESTABILITY = YES;
				GCC_C_LANGUAGE_STANDARD = gnu11;
				GCC_DYNAMIC_NO_PIC = NO;
				GCC_NO_COMMON_BLOCKS = YES;
				GCC_OPTIMIZATION_LEVEL = 0;
				GCC_PREPROCESSOR_DEFINITIONS = (
					"DEBUG=1",
					"$(inherited)",
				);
				GCC_WARN_64_TO_32_BIT_CONVERSION = YES;
				GCC_WARN_ABOUT_RETURN_TYPE = YES_ERROR;
				GCC_WARN_UNDECLARED_SELECTOR = YES;
				GCC_WARN_UNINITIALIZED_AUTOS = YES_AGGRESSIVE;
				GCC_WARN_UNUSED_FUNCTION = YES;
				GCC_WARN_UNUSED_VARIABLE = YES;
				IPHONEOS_DEPLOYMENT_TARGET = 16.1;
				MTL_ENABLE_DEBUG_INFO = INCLUDE_SOURCE;
				MTL_FAST_MATH = YES;
				ONLY_ACTIVE_ARCH = YES;
				SDKROOT = iphoneos;
				SWIFT_ACTIVE_COMPILATION_CONDITIONS = DEBUG;
				SWIFT_OPTIMIZATION_LEVEL = "-Onone";
			};
			name = Debug;
		};
		01A1533429963BCC00547574 /* Release */ = {
			isa = XCBuildConfiguration;
			buildSettings = {
				ALWAYS_SEARCH_USER_PATHS = NO;
				CLANG_ANALYZER_NONNULL = YES;
				CLANG_ANALYZER_NUMBER_OBJECT_CONVERSION = YES_AGGRESSIVE;
				CLANG_CXX_LANGUAGE_STANDARD = "gnu++20";
				CLANG_ENABLE_MODULES = YES;
				CLANG_ENABLE_OBJC_ARC = YES;
				CLANG_ENABLE_OBJC_WEAK = YES;
				CLANG_WARN_BLOCK_CAPTURE_AUTORELEASING = YES;
				CLANG_WARN_BOOL_CONVERSION = YES;
				CLANG_WARN_COMMA = YES;
				CLANG_WARN_CONSTANT_CONVERSION = YES;
				CLANG_WARN_DEPRECATED_OBJC_IMPLEMENTATIONS = YES;
				CLANG_WARN_DIRECT_OBJC_ISA_USAGE = YES_ERROR;
				CLANG_WARN_DOCUMENTATION_COMMENTS = YES;
				CLANG_WARN_EMPTY_BODY = YES;
				CLANG_WARN_ENUM_CONVERSION = YES;
				CLANG_WARN_INFINITE_RECURSION = YES;
				CLANG_WARN_INT_CONVERSION = YES;
				CLANG_WARN_NON_LITERAL_NULL_CONVERSION = YES;
				CLANG_WARN_OBJC_IMPLICIT_RETAIN_SELF = YES;
				CLANG_WARN_OBJC_LITERAL_CONVERSION = YES;
				CLANG_WARN_OBJC_ROOT_CLASS = YES_ERROR;
				CLANG_WARN_QUOTED_INCLUDE_IN_FRAMEWORK_HEADER = YES;
				CLANG_WARN_RANGE_LOOP_ANALYSIS = YES;
				CLANG_WARN_STRICT_PROTOTYPES = YES;
				CLANG_WARN_SUSPICIOUS_MOVE = YES;
				CLANG_WARN_UNGUARDED_AVAILABILITY = YES_AGGRESSIVE;
				CLANG_WARN_UNREACHABLE_CODE = YES;
				CLANG_WARN__DUPLICATE_METHOD_MATCH = YES;
				COPY_PHASE_STRIP = NO;
				DEBUG_INFORMATION_FORMAT = "dwarf-with-dsym";
				ENABLE_NS_ASSERTIONS = NO;
				ENABLE_STRICT_OBJC_MSGSEND = YES;
				GCC_C_LANGUAGE_STANDARD = gnu11;
				GCC_NO_COMMON_BLOCKS = YES;
				GCC_WARN_64_TO_32_BIT_CONVERSION = YES;
				GCC_WARN_ABOUT_RETURN_TYPE = YES_ERROR;
				GCC_WARN_UNDECLARED_SELECTOR = YES;
				GCC_WARN_UNINITIALIZED_AUTOS = YES_AGGRESSIVE;
				GCC_WARN_UNUSED_FUNCTION = YES;
				GCC_WARN_UNUSED_VARIABLE = YES;
				IPHONEOS_DEPLOYMENT_TARGET = 16.1;
				MTL_ENABLE_DEBUG_INFO = NO;
				MTL_FAST_MATH = YES;
				SDKROOT = iphoneos;
				SWIFT_COMPILATION_MODE = wholemodule;
				SWIFT_OPTIMIZATION_LEVEL = "-O";
				VALIDATE_PRODUCT = YES;
			};
			name = Release;
		};
		01A1533629963BCC00547574 /* Debug */ = {
			isa = XCBuildConfiguration;
			baseConfigurationReference = C0A1E0D461EC8474CB08AA91 /* Pods-CircleProgress.debug.xcconfig */;
			buildSettings = {
				ASSETCATALOG_COMPILER_APPICON_NAME = AppIcon;
				ASSETCATALOG_COMPILER_GLOBAL_ACCENT_COLOR_NAME = AccentColor;
				CODE_SIGN_STYLE = Automatic;
				CURRENT_PROJECT_VERSION = 1;
				DEVELOPMENT_TEAM = 9D422DH2LV;
				GENERATE_INFOPLIST_FILE = YES;
				INFOPLIST_FILE = CircleProgress/Info.plist;
				INFOPLIST_KEY_UIApplicationSupportsIndirectInputEvents = YES;
				INFOPLIST_KEY_UILaunchStoryboardName = LaunchScreen;
				INFOPLIST_KEY_UISupportedInterfaceOrientations_iPad = "UIInterfaceOrientationPortrait UIInterfaceOrientationPortraitUpsideDown UIInterfaceOrientationLandscapeLeft UIInterfaceOrientationLandscapeRight";
				INFOPLIST_KEY_UISupportedInterfaceOrientations_iPhone = "UIInterfaceOrientationPortrait UIInterfaceOrientationLandscapeLeft UIInterfaceOrientationLandscapeRight";
				LD_RUNPATH_SEARCH_PATHS = (
					"$(inherited)",
					"@executable_path/Frameworks",
				);
				MARKETING_VERSION = 1.0;
				PRODUCT_BUNDLE_IDENTIFIER = "Dimash-s.CircleProgress";
				PRODUCT_NAME = "$(TARGET_NAME)";
				SWIFT_EMIT_LOC_STRINGS = YES;
				SWIFT_VERSION = 5.0;
				TARGETED_DEVICE_FAMILY = "1,2";
			};
			name = Debug;
		};
		01A1533729963BCC00547574 /* Release */ = {
			isa = XCBuildConfiguration;
			baseConfigurationReference = EF9C4BE2246D11D686D153AF /* Pods-CircleProgress.release.xcconfig */;
			buildSettings = {
				ASSETCATALOG_COMPILER_APPICON_NAME = AppIcon;
				ASSETCATALOG_COMPILER_GLOBAL_ACCENT_COLOR_NAME = AccentColor;
				CODE_SIGN_STYLE = Automatic;
				CURRENT_PROJECT_VERSION = 1;
				DEVELOPMENT_TEAM = 9D422DH2LV;
				GENERATE_INFOPLIST_FILE = YES;
				INFOPLIST_FILE = CircleProgress/Info.plist;
				INFOPLIST_KEY_UIApplicationSupportsIndirectInputEvents = YES;
				INFOPLIST_KEY_UILaunchStoryboardName = LaunchScreen;
				INFOPLIST_KEY_UISupportedInterfaceOrientations_iPad = "UIInterfaceOrientationPortrait UIInterfaceOrientationPortraitUpsideDown UIInterfaceOrientationLandscapeLeft UIInterfaceOrientationLandscapeRight";
				INFOPLIST_KEY_UISupportedInterfaceOrientations_iPhone = "UIInterfaceOrientationPortrait UIInterfaceOrientationLandscapeLeft UIInterfaceOrientationLandscapeRight";
				LD_RUNPATH_SEARCH_PATHS = (
					"$(inherited)",
					"@executable_path/Frameworks",
				);
				MARKETING_VERSION = 1.0;
				PRODUCT_BUNDLE_IDENTIFIER = "Dimash-s.CircleProgress";
				PRODUCT_NAME = "$(TARGET_NAME)";
				SWIFT_EMIT_LOC_STRINGS = YES;
				SWIFT_VERSION = 5.0;
				TARGETED_DEVICE_FAMILY = "1,2";
			};
			name = Release;
		};
/* End XCBuildConfiguration section */

/* Begin XCConfigurationList section */
		01A1531C29963BCB00547574 /* Build configuration list for PBXProject "Pomodoro" */ = {
			isa = XCConfigurationList;
			buildConfigurations = (
				01A1533329963BCC00547574 /* Debug */,
				01A1533429963BCC00547574 /* Release */,
			);
			defaultConfigurationIsVisible = 0;
			defaultConfigurationName = Release;
		};
		01A1533529963BCC00547574 /* Build configuration list for PBXNativeTarget "Pomodoro" */ = {
			isa = XCConfigurationList;
			buildConfigurations = (
				01A1533629963BCC00547574 /* Debug */,
				01A1533729963BCC00547574 /* Release */,
			);
			defaultConfigurationIsVisible = 0;
			defaultConfigurationName = Release;
		};
/* End XCConfigurationList section */

/* Begin XCRemoteSwiftPackageReference section */
		01A1533829963CAA00547574 /* XCRemoteSwiftPackageReference "ALProgressView" */ = {
			isa = XCRemoteSwiftPackageReference;
			repositoryURL = "https://github.com/alxrguz/ALProgressView";
			requirement = {
				kind = upToNextMajorVersion;
				minimumVersion = 2.0.0;
			};
		};
/* End XCRemoteSwiftPackageReference section */

/* Begin XCSwiftPackageProductDependency section */
		01A1533929963CAA00547574 /* ALProgressView */ = {
			isa = XCSwiftPackageProductDependency;
			package = 01A1533829963CAA00547574 /* XCRemoteSwiftPackageReference "ALProgressView" */;
			productName = ALProgressView;
		};
/* End XCSwiftPackageProductDependency section */
	};
	rootObject = 01A1531929963BCB00547574 /* Project object */;
}
